
Microsoft Visual Studio Solution File, Format Version 12.00
# Visual Studio 15
Project("{FAE04EC0-301F-11D3-BF4B-00C04F79EFBC}") = "Assembly-CSharp", "Assembly-CSharp.csproj", "{E8A7613D-C36E-8E0E-DE4C-2D54A89E036A}"
EndProject
Project("{FAE04EC0-301F-11D3-BF4B-00C04F79EFBC}") = "Assembly-CSharp-Editor", "Assembly-CSharp-Editor.csproj", "{1F7AED27-8E06-8429-E6CE-CD749382CD76}"
EndProject
Global
	GlobalSection(SolutionConfigurationPlatforms) = preSolution
		Debug|Any CPU = Debug|Any CPU
		Release|Any CPU = Release|Any CPU
	EndGlobalSection
	GlobalSection(ProjectConfigurationPlatforms) = postSolution
		{E8A7613D-C36E-8E0E-DE4C-2D54A89E036A}.Debug|Any CPU.ActiveCfg = Debug|Any CPU
		{E8A7613D-C36E-8E0E-DE4C-2D54A89E036A}.Debug|Any CPU.Build.0 = Debug|Any CPU
		{E8A7613D-C36E-8E0E-DE4C-2D54A89E036A}.Release|Any CPU.ActiveCfg = Release|Any CPU
		{E8A7613D-C36E-8E0E-DE4C-2D54A89E036A}.Release|Any CPU.Build.0 = Release|Any CPU
		{1F7AED27-8E06-8429-E6CE-CD749382CD76}.Debug|Any CPU.ActiveCfg = Debug|Any CPU
		{1F7AED27-8E06-8429-E6CE-CD749382CD76}.Debug|Any CPU.Build.0 = Debug|Any CPU
		{1F7AED27-8E06-8429-E6CE-CD749382CD76}.Release|Any CPU.ActiveCfg = Release|Any CPU
		{1F7AED27-8E06-8429-E6CE-CD749382CD76}.Release|Any CPU.Build.0 = Release|Any CPU
	EndGlobalSection
	GlobalSection(SolutionProperties) = preSolution
		HideSolutionNode = FALSE
	EndGlobalSection
EndGlobal
